// !$*UTF8*$!
{
	archiveVersion = 1;
	classes = {
	};
	objectVersion = 46;
	objects = {

/* Begin PBXBuildFile section */
		1915D2E518987B20ADE337EF /* Pods_FreelancerUITests.framework in Frameworks */ = {isa = PBXBuildFile; fileRef = CCFB66C56434B8738BCB1DB7 /* Pods_FreelancerUITests.framework */; };
		570217721DED641D00A0F0FC /* TimesViewController.swift in Sources */ = {isa = PBXBuildFile; fileRef = 570217711DED641D00A0F0FC /* TimesViewController.swift */; };
		570217751DED692B00A0F0FC /* ProjectsRouter.swift in Sources */ = {isa = PBXBuildFile; fileRef = 570217741DED692B00A0F0FC /* ProjectsRouter.swift */; };
		570217771DED762B00A0F0FC /* TimesView.swift in Sources */ = {isa = PBXBuildFile; fileRef = 570217761DED762B00A0F0FC /* TimesView.swift */; };
		570217791DED78C600A0F0FC /* TimesPresenter.swift in Sources */ = {isa = PBXBuildFile; fileRef = 570217781DED78C600A0F0FC /* TimesPresenter.swift */; };
		5702177B1DED79C100A0F0FC /* TimesInteraction.swift in Sources */ = {isa = PBXBuildFile; fileRef = 5702177A1DED79C100A0F0FC /* TimesInteraction.swift */; };
		5702177D1DED7EE300A0F0FC /* TimeEditViewController.swift in Sources */ = {isa = PBXBuildFile; fileRef = 5702177C1DED7EE300A0F0FC /* TimeEditViewController.swift */; };
		5702177F1DED7FC100A0F0FC /* TimeRouter.swift in Sources */ = {isa = PBXBuildFile; fileRef = 5702177E1DED7FC100A0F0FC /* TimeRouter.swift */; };
		5764D7221DEC8B3D0084E1EF /* AppDelegate.swift in Sources */ = {isa = PBXBuildFile; fileRef = 5764D7211DEC8B3D0084E1EF /* AppDelegate.swift */; };
		5764D7271DEC8B3D0084E1EF /* Main.storyboard in Resources */ = {isa = PBXBuildFile; fileRef = 5764D7251DEC8B3D0084E1EF /* Main.storyboard */; };
		5764D72A1DEC8B3D0084E1EF /* Freelancer.xcdatamodeld in Sources */ = {isa = PBXBuildFile; fileRef = 5764D7281DEC8B3D0084E1EF /* Freelancer.xcdatamodeld */; };
		5764D72C1DEC8B3D0084E1EF /* Assets.xcassets in Resources */ = {isa = PBXBuildFile; fileRef = 5764D72B1DEC8B3D0084E1EF /* Assets.xcassets */; };
		5764D72F1DEC8B3D0084E1EF /* LaunchScreen.storyboard in Resources */ = {isa = PBXBuildFile; fileRef = 5764D72D1DEC8B3D0084E1EF /* LaunchScreen.storyboard */; };
		5764D73A1DEC8B3D0084E1EF /* FreelancerTests.swift in Sources */ = {isa = PBXBuildFile; fileRef = 5764D7391DEC8B3D0084E1EF /* FreelancerTests.swift */; };
		5764D7451DEC8B3D0084E1EF /* FreelancerUITests.swift in Sources */ = {isa = PBXBuildFile; fileRef = 5764D7441DEC8B3D0084E1EF /* FreelancerUITests.swift */; };
		5764D7561DEC97A00084E1EF /* ProjectsViewController.swift in Sources */ = {isa = PBXBuildFile; fileRef = 5764D7551DEC97A00084E1EF /* ProjectsViewController.swift */; };
		5764D7591DEC9C9A0084E1EF /* ModelManager.swift in Sources */ = {isa = PBXBuildFile; fileRef = 5764D7581DEC9C9A0084E1EF /* ModelManager.swift */; };
		5764D75E1DEC9DBE0084E1EF /* ProjectsView.swift in Sources */ = {isa = PBXBuildFile; fileRef = 5764D75D1DEC9DBE0084E1EF /* ProjectsView.swift */; };
		5764D7601DEC9EAD0084E1EF /* ProjectsPresenter.swift in Sources */ = {isa = PBXBuildFile; fileRef = 5764D75F1DEC9EAD0084E1EF /* ProjectsPresenter.swift */; };
		5764D7621DECA0980084E1EF /* ProjectsInteraction.swift in Sources */ = {isa = PBXBuildFile; fileRef = 5764D7611DECA0980084E1EF /* ProjectsInteraction.swift */; };
		57FCF7C71DECAFDB001C6480 /* LoggedTime+CoreDataClass.swift in Sources */ = {isa = PBXBuildFile; fileRef = 57FCF7C31DECAFDB001C6480 /* LoggedTime+CoreDataClass.swift */; };
		57FCF7C81DECAFDB001C6480 /* LoggedTime+CoreDataProperties.swift in Sources */ = {isa = PBXBuildFile; fileRef = 57FCF7C41DECAFDB001C6480 /* LoggedTime+CoreDataProperties.swift */; };
		57FCF7C91DECAFDB001C6480 /* Project+CoreDataClass.swift in Sources */ = {isa = PBXBuildFile; fileRef = 57FCF7C51DECAFDB001C6480 /* Project+CoreDataClass.swift */; };
		57FCF7CA1DECAFDB001C6480 /* Project+CoreDataProperties.swift in Sources */ = {isa = PBXBuildFile; fileRef = 57FCF7C61DECAFDB001C6480 /* Project+CoreDataProperties.swift */; };
		75CBF87C216C36654C5E2181 /* Pods_Freelancer.framework in Frameworks */ = {isa = PBXBuildFile; fileRef = E8C942FC04A93FAF27D871FC /* Pods_Freelancer.framework */; };
		9B0AA97230F45F28954548A4 /* Pods_FreelancerTests.framework in Frameworks */ = {isa = PBXBuildFile; fileRef = 3E26DE291A8E4CE0AB846040 /* Pods_FreelancerTests.framework */; };
/* End PBXBuildFile section */

/* Begin PBXContainerItemProxy section */
		5764D7361DEC8B3D0084E1EF /* PBXContainerItemProxy */ = {
			isa = PBXContainerItemProxy;
			containerPortal = 5764D7161DEC8B3D0084E1EF /* Project object */;
			proxyType = 1;
			remoteGlobalIDString = 5764D71D1DEC8B3D0084E1EF;
			remoteInfo = Freelancer;
		};
		5764D7411DEC8B3D0084E1EF /* PBXContainerItemProxy */ = {
			isa = PBXContainerItemProxy;
			containerPortal = 5764D7161DEC8B3D0084E1EF /* Project object */;
			proxyType = 1;
			remoteGlobalIDString = 5764D71D1DEC8B3D0084E1EF;
			remoteInfo = Freelancer;
		};
/* End PBXContainerItemProxy section */

/* Begin PBXFileReference section */
		1303A8D892A84722EB6BE939 /* Pods-FreelancerUITests.release.xcconfig */ = {isa = PBXFileReference; includeInIndex = 1; lastKnownFileType = text.xcconfig; name = "Pods-FreelancerUITests.release.xcconfig"; path = "Pods/Target Support Files/Pods-FreelancerUITests/Pods-FreelancerUITests.release.xcconfig"; sourceTree = "<group>"; };
		3E26DE291A8E4CE0AB846040 /* Pods_FreelancerTests.framework */ = {isa = PBXFileReference; explicitFileType = wrapper.framework; includeInIndex = 0; path = Pods_FreelancerTests.framework; sourceTree = BUILT_PRODUCTS_DIR; };
		570217711DED641D00A0F0FC /* TimesViewController.swift */ = {isa = PBXFileReference; fileEncoding = 4; lastKnownFileType = sourcecode.swift; path = TimesViewController.swift; sourceTree = "<group>"; };
		570217741DED692B00A0F0FC /* ProjectsRouter.swift */ = {isa = PBXFileReference; fileEncoding = 4; lastKnownFileType = sourcecode.swift; path = ProjectsRouter.swift; sourceTree = "<group>"; };
		570217761DED762B00A0F0FC /* TimesView.swift */ = {isa = PBXFileReference; fileEncoding = 4; lastKnownFileType = sourcecode.swift; path = TimesView.swift; sourceTree = "<group>"; };
		570217781DED78C600A0F0FC /* TimesPresenter.swift */ = {isa = PBXFileReference; fileEncoding = 4; lastKnownFileType = sourcecode.swift; path = TimesPresenter.swift; sourceTree = "<group>"; };
		5702177A1DED79C100A0F0FC /* TimesInteraction.swift */ = {isa = PBXFileReference; fileEncoding = 4; lastKnownFileType = sourcecode.swift; path = TimesInteraction.swift; sourceTree = "<group>"; };
		5702177C1DED7EE300A0F0FC /* TimeEditViewController.swift */ = {isa = PBXFileReference; fileEncoding = 4; lastKnownFileType = sourcecode.swift; path = TimeEditViewController.swift; sourceTree = "<group>"; };
		5702177E1DED7FC100A0F0FC /* TimeRouter.swift */ = {isa = PBXFileReference; fileEncoding = 4; lastKnownFileType = sourcecode.swift; path = TimeRouter.swift; sourceTree = "<group>"; };
		5764D71E1DEC8B3D0084E1EF /* Freelancer.app */ = {isa = PBXFileReference; explicitFileType = wrapper.application; includeInIndex = 0; path = Freelancer.app; sourceTree = BUILT_PRODUCTS_DIR; };
		5764D7211DEC8B3D0084E1EF /* AppDelegate.swift */ = {isa = PBXFileReference; lastKnownFileType = sourcecode.swift; path = AppDelegate.swift; sourceTree = "<group>"; };
		5764D7261DEC8B3D0084E1EF /* Base */ = {isa = PBXFileReference; lastKnownFileType = file.storyboard; name = Base; path = Base.lproj/Main.storyboard; sourceTree = "<group>"; };
		5764D7291DEC8B3D0084E1EF /* Freelancer.xcdatamodel */ = {isa = PBXFileReference; lastKnownFileType = wrapper.xcdatamodel; path = Freelancer.xcdatamodel; sourceTree = "<group>"; };
		5764D72B1DEC8B3D0084E1EF /* Assets.xcassets */ = {isa = PBXFileReference; lastKnownFileType = folder.assetcatalog; path = Assets.xcassets; sourceTree = "<group>"; };
		5764D72E1DEC8B3D0084E1EF /* Base */ = {isa = PBXFileReference; lastKnownFileType = file.storyboard; name = Base; path = Base.lproj/LaunchScreen.storyboard; sourceTree = "<group>"; };
		5764D7301DEC8B3D0084E1EF /* Info.plist */ = {isa = PBXFileReference; lastKnownFileType = text.plist.xml; path = Info.plist; sourceTree = "<group>"; };
		5764D7351DEC8B3D0084E1EF /* FreelancerTests.xctest */ = {isa = PBXFileReference; explicitFileType = wrapper.cfbundle; includeInIndex = 0; path = FreelancerTests.xctest; sourceTree = BUILT_PRODUCTS_DIR; };
		5764D7391DEC8B3D0084E1EF /* FreelancerTests.swift */ = {isa = PBXFileReference; lastKnownFileType = sourcecode.swift; path = FreelancerTests.swift; sourceTree = "<group>"; };
		5764D73B1DEC8B3D0084E1EF /* Info.plist */ = {isa = PBXFileReference; lastKnownFileType = text.plist.xml; path = Info.plist; sourceTree = "<group>"; };
		5764D7401DEC8B3D0084E1EF /* FreelancerUITests.xctest */ = {isa = PBXFileReference; explicitFileType = wrapper.cfbundle; includeInIndex = 0; path = FreelancerUITests.xctest; sourceTree = BUILT_PRODUCTS_DIR; };
		5764D7441DEC8B3D0084E1EF /* FreelancerUITests.swift */ = {isa = PBXFileReference; lastKnownFileType = sourcecode.swift; path = FreelancerUITests.swift; sourceTree = "<group>"; };
		5764D7461DEC8B3D0084E1EF /* Info.plist */ = {isa = PBXFileReference; lastKnownFileType = text.plist.xml; path = Info.plist; sourceTree = "<group>"; };
		5764D7551DEC97A00084E1EF /* ProjectsViewController.swift */ = {isa = PBXFileReference; fileEncoding = 4; lastKnownFileType = sourcecode.swift; path = ProjectsViewController.swift; sourceTree = "<group>"; };
		5764D7581DEC9C9A0084E1EF /* ModelManager.swift */ = {isa = PBXFileReference; fileEncoding = 4; lastKnownFileType = sourcecode.swift; path = ModelManager.swift; sourceTree = "<group>"; };
		5764D75D1DEC9DBE0084E1EF /* ProjectsView.swift */ = {isa = PBXFileReference; fileEncoding = 4; lastKnownFileType = sourcecode.swift; path = ProjectsView.swift; sourceTree = "<group>"; };
		5764D75F1DEC9EAD0084E1EF /* ProjectsPresenter.swift */ = {isa = PBXFileReference; fileEncoding = 4; lastKnownFileType = sourcecode.swift; path = ProjectsPresenter.swift; sourceTree = "<group>"; };
		5764D7611DECA0980084E1EF /* ProjectsInteraction.swift */ = {isa = PBXFileReference; fileEncoding = 4; lastKnownFileType = sourcecode.swift; path = ProjectsInteraction.swift; sourceTree = "<group>"; };
		57FCF7C31DECAFDB001C6480 /* LoggedTime+CoreDataClass.swift */ = {isa = PBXFileReference; fileEncoding = 4; lastKnownFileType = sourcecode.swift; path = "LoggedTime+CoreDataClass.swift"; sourceTree = "<group>"; };
		57FCF7C41DECAFDB001C6480 /* LoggedTime+CoreDataProperties.swift */ = {isa = PBXFileReference; fileEncoding = 4; lastKnownFileType = sourcecode.swift; path = "LoggedTime+CoreDataProperties.swift"; sourceTree = "<group>"; };
		57FCF7C51DECAFDB001C6480 /* Project+CoreDataClass.swift */ = {isa = PBXFileReference; fileEncoding = 4; lastKnownFileType = sourcecode.swift; path = "Project+CoreDataClass.swift"; sourceTree = "<group>"; };
		57FCF7C61DECAFDB001C6480 /* Project+CoreDataProperties.swift */ = {isa = PBXFileReference; fileEncoding = 4; lastKnownFileType = sourcecode.swift; path = "Project+CoreDataProperties.swift"; sourceTree = "<group>"; };
		7C5DE5146E6FF74AF278D2C1 /* Pods-Freelancer.release.xcconfig */ = {isa = PBXFileReference; includeInIndex = 1; lastKnownFileType = text.xcconfig; name = "Pods-Freelancer.release.xcconfig"; path = "Pods/Target Support Files/Pods-Freelancer/Pods-Freelancer.release.xcconfig"; sourceTree = "<group>"; };
		C5617284D0D3A159F3A0D45E /* Pods-Freelancer.debug.xcconfig */ = {isa = PBXFileReference; includeInIndex = 1; lastKnownFileType = text.xcconfig; name = "Pods-Freelancer.debug.xcconfig"; path = "Pods/Target Support Files/Pods-Freelancer/Pods-Freelancer.debug.xcconfig"; sourceTree = "<group>"; };
		CCFB66C56434B8738BCB1DB7 /* Pods_FreelancerUITests.framework */ = {isa = PBXFileReference; explicitFileType = wrapper.framework; includeInIndex = 0; path = Pods_FreelancerUITests.framework; sourceTree = BUILT_PRODUCTS_DIR; };
		CF68446D6C6E72E5E8F4628C /* Pods-FreelancerTests.release.xcconfig */ = {isa = PBXFileReference; includeInIndex = 1; lastKnownFileType = text.xcconfig; name = "Pods-FreelancerTests.release.xcconfig"; path = "Pods/Target Support Files/Pods-FreelancerTests/Pods-FreelancerTests.release.xcconfig"; sourceTree = "<group>"; };
		E5F5866795AE662B7F598CB7 /* Pods-FreelancerUITests.debug.xcconfig */ = {isa = PBXFileReference; includeInIndex = 1; lastKnownFileType = text.xcconfig; name = "Pods-FreelancerUITests.debug.xcconfig"; path = "Pods/Target Support Files/Pods-FreelancerUITests/Pods-FreelancerUITests.debug.xcconfig"; sourceTree = "<group>"; };
		E8C942FC04A93FAF27D871FC /* Pods_Freelancer.framework */ = {isa = PBXFileReference; explicitFileType = wrapper.framework; includeInIndex = 0; path = Pods_Freelancer.framework; sourceTree = BUILT_PRODUCTS_DIR; };
		FB6046574D7A3D8E3E34EBA2 /* Pods-FreelancerTests.debug.xcconfig */ = {isa = PBXFileReference; includeInIndex = 1; lastKnownFileType = text.xcconfig; name = "Pods-FreelancerTests.debug.xcconfig"; path = "Pods/Target Support Files/Pods-FreelancerTests/Pods-FreelancerTests.debug.xcconfig"; sourceTree = "<group>"; };
/* End PBXFileReference section */

/* Begin PBXFrameworksBuildPhase section */
		5764D71B1DEC8B3D0084E1EF /* Frameworks */ = {
			isa = PBXFrameworksBuildPhase;
			buildActionMask = 2147483647;
			files = (
				75CBF87C216C36654C5E2181 /* Pods_Freelancer.framework in Frameworks */,
			);
			runOnlyForDeploymentPostprocessing = 0;
		};
		5764D7321DEC8B3D0084E1EF /* Frameworks */ = {
			isa = PBXFrameworksBuildPhase;
			buildActionMask = 2147483647;
			files = (
				9B0AA97230F45F28954548A4 /* Pods_FreelancerTests.framework in Frameworks */,
			);
			runOnlyForDeploymentPostprocessing = 0;
		};
		5764D73D1DEC8B3D0084E1EF /* Frameworks */ = {
			isa = PBXFrameworksBuildPhase;
			buildActionMask = 2147483647;
			files = (
				1915D2E518987B20ADE337EF /* Pods_FreelancerUITests.framework in Frameworks */,
			);
			runOnlyForDeploymentPostprocessing = 0;
		};
/* End PBXFrameworksBuildPhase section */

/* Begin PBXGroup section */
		09FF5DE9DF8962F259674D14 /* Frameworks */ = {
			isa = PBXGroup;
			children = (
				E8C942FC04A93FAF27D871FC /* Pods_Freelancer.framework */,
				3E26DE291A8E4CE0AB846040 /* Pods_FreelancerTests.framework */,
				CCFB66C56434B8738BCB1DB7 /* Pods_FreelancerUITests.framework */,
			);
			name = Frameworks;
			sourceTree = "<group>";
		};
		570217731DED683000A0F0FC /* Router */ = {
			isa = PBXGroup;
			children = (
				570217741DED692B00A0F0FC /* ProjectsRouter.swift */,
				5702177E1DED7FC100A0F0FC /* TimeRouter.swift */,
			);
			name = Router;
			sourceTree = "<group>";
		};
		5764D7151DEC8B3D0084E1EF = {
			isa = PBXGroup;
			children = (
				5764D7201DEC8B3D0084E1EF /* Freelancer */,
				5764D7381DEC8B3D0084E1EF /* FreelancerTests */,
				5764D7431DEC8B3D0084E1EF /* FreelancerUITests */,
				5764D71F1DEC8B3D0084E1EF /* Products */,
				C0FB571DDC9D76AE0F8056D1 /* Pods */,
				09FF5DE9DF8962F259674D14 /* Frameworks */,
			);
			sourceTree = "<group>";
		};
		5764D71F1DEC8B3D0084E1EF /* Products */ = {
			isa = PBXGroup;
			children = (
				5764D71E1DEC8B3D0084E1EF /* Freelancer.app */,
				5764D7351DEC8B3D0084E1EF /* FreelancerTests.xctest */,
				5764D7401DEC8B3D0084E1EF /* FreelancerUITests.xctest */,
			);
			name = Products;
			sourceTree = "<group>";
		};
		5764D7201DEC8B3D0084E1EF /* Freelancer */ = {
			isa = PBXGroup;
			children = (
				5764D7211DEC8B3D0084E1EF /* AppDelegate.swift */,
				5764D75C1DEC9D8D0084E1EF /* Interaction */,
				5764D7571DEC9C530084E1EF /* ModelManager */,
				5764D75B1DEC9D860084E1EF /* Presenter */,
				5764D7531DEC958E0084E1EF /* Resource */,
				570217731DED683000A0F0FC /* Router */,
				5764D75A1DEC9D800084E1EF /* View */,
				5764D7521DEC957C0084E1EF /* ViewController */,
			);
			path = Freelancer;
			sourceTree = "<group>";
		};
		5764D7381DEC8B3D0084E1EF /* FreelancerTests */ = {
			isa = PBXGroup;
			children = (
				5764D7391DEC8B3D0084E1EF /* FreelancerTests.swift */,
				5764D73B1DEC8B3D0084E1EF /* Info.plist */,
			);
			path = FreelancerTests;
			sourceTree = "<group>";
		};
		5764D7431DEC8B3D0084E1EF /* FreelancerUITests */ = {
			isa = PBXGroup;
			children = (
				5764D7441DEC8B3D0084E1EF /* FreelancerUITests.swift */,
				5764D7461DEC8B3D0084E1EF /* Info.plist */,
			);
			path = FreelancerUITests;
			sourceTree = "<group>";
		};
		5764D7521DEC957C0084E1EF /* ViewController */ = {
			isa = PBXGroup;
			children = (
				5764D7551DEC97A00084E1EF /* ProjectsViewController.swift */,
				5702177C1DED7EE300A0F0FC /* TimeEditViewController.swift */,
				570217711DED641D00A0F0FC /* TimesViewController.swift */,
			);
			name = ViewController;
			sourceTree = "<group>";
		};
		5764D7531DEC958E0084E1EF /* Resource */ = {
			isa = PBXGroup;
			children = (
				5764D7301DEC8B3D0084E1EF /* Info.plist */,
				5764D72B1DEC8B3D0084E1EF /* Assets.xcassets */,
				5764D7281DEC8B3D0084E1EF /* Freelancer.xcdatamodeld */,
				5764D7541DEC95AC0084E1EF /* Xib */,
			);
			name = Resource;
			sourceTree = "<group>";
		};
		5764D7541DEC95AC0084E1EF /* Xib */ = {
			isa = PBXGroup;
			children = (
				5764D7251DEC8B3D0084E1EF /* Main.storyboard */,
				5764D72D1DEC8B3D0084E1EF /* LaunchScreen.storyboard */,
			);
			name = Xib;
			sourceTree = "<group>";
		};
		5764D7571DEC9C530084E1EF /* ModelManager */ = {
			isa = PBXGroup;
			children = (
				57FCF7C31DECAFDB001C6480 /* LoggedTime+CoreDataClass.swift */,
				57FCF7C41DECAFDB001C6480 /* LoggedTime+CoreDataProperties.swift */,
				57FCF7C51DECAFDB001C6480 /* Project+CoreDataClass.swift */,
				57FCF7C61DECAFDB001C6480 /* Project+CoreDataProperties.swift */,
				5764D7581DEC9C9A0084E1EF /* ModelManager.swift */,
			);
			name = ModelManager;
			sourceTree = "<group>";
		};
		5764D75A1DEC9D800084E1EF /* View */ = {
			isa = PBXGroup;
			children = (
				5764D75D1DEC9DBE0084E1EF /* ProjectsView.swift */,
				570217761DED762B00A0F0FC /* TimesView.swift */,
			);
			name = View;
			sourceTree = "<group>";
		};
		5764D75B1DEC9D860084E1EF /* Presenter */ = {
			isa = PBXGroup;
			children = (
				5764D75F1DEC9EAD0084E1EF /* ProjectsPresenter.swift */,
				570217781DED78C600A0F0FC /* TimesPresenter.swift */,
			);
			name = Presenter;
			sourceTree = "<group>";
		};
		5764D75C1DEC9D8D0084E1EF /* Interaction */ = {
			isa = PBXGroup;
			children = (
				5764D7611DECA0980084E1EF /* ProjectsInteraction.swift */,
				5702177A1DED79C100A0F0FC /* TimesInteraction.swift */,
			);
			name = Interaction;
			sourceTree = "<group>";
		};
		C0FB571DDC9D76AE0F8056D1 /* Pods */ = {
			isa = PBXGroup;
			children = (
				C5617284D0D3A159F3A0D45E /* Pods-Freelancer.debug.xcconfig */,
				7C5DE5146E6FF74AF278D2C1 /* Pods-Freelancer.release.xcconfig */,
				FB6046574D7A3D8E3E34EBA2 /* Pods-FreelancerTests.debug.xcconfig */,
				CF68446D6C6E72E5E8F4628C /* Pods-FreelancerTests.release.xcconfig */,
				E5F5866795AE662B7F598CB7 /* Pods-FreelancerUITests.debug.xcconfig */,
				1303A8D892A84722EB6BE939 /* Pods-FreelancerUITests.release.xcconfig */,
			);
			name = Pods;
			sourceTree = "<group>";
		};
/* End PBXGroup section */

/* Begin PBXNativeTarget section */
		5764D71D1DEC8B3D0084E1EF /* Freelancer */ = {
			isa = PBXNativeTarget;
			buildConfigurationList = 5764D7491DEC8B3D0084E1EF /* Build configuration list for PBXNativeTarget "Freelancer" */;
			buildPhases = (
				F2DA5C74B7A9F2E2A43DC684 /* [CP] Check Pods Manifest.lock */,
				5764D71A1DEC8B3D0084E1EF /* Sources */,
				5764D71B1DEC8B3D0084E1EF /* Frameworks */,
				5764D71C1DEC8B3D0084E1EF /* Resources */,
				8273F7F9C166EC91C4A9A7CC /* [CP] Embed Pods Frameworks */,
				E747EE9DA431E201018158C1 /* [CP] Copy Pods Resources */,
			);
			buildRules = (
			);
			dependencies = (
			);
			name = Freelancer;
			productName = Freelancer;
			productReference = 5764D71E1DEC8B3D0084E1EF /* Freelancer.app */;
			productType = "com.apple.product-type.application";
		};
		5764D7341DEC8B3D0084E1EF /* FreelancerTests */ = {
			isa = PBXNativeTarget;
			buildConfigurationList = 5764D74C1DEC8B3D0084E1EF /* Build configuration list for PBXNativeTarget "FreelancerTests" */;
			buildPhases = (
				E2C33B10F63FA2D412B4600D /* [CP] Check Pods Manifest.lock */,
				5764D7311DEC8B3D0084E1EF /* Sources */,
				5764D7321DEC8B3D0084E1EF /* Frameworks */,
				5764D7331DEC8B3D0084E1EF /* Resources */,
				4270B1FFD98D99ADB6F5723F /* [CP] Embed Pods Frameworks */,
				3BAA3CBB913BD8A6F9700BC3 /* [CP] Copy Pods Resources */,
			);
			buildRules = (
			);
			dependencies = (
				5764D7371DEC8B3D0084E1EF /* PBXTargetDependency */,
			);
			name = FreelancerTests;
			productName = FreelancerTests;
			productReference = 5764D7351DEC8B3D0084E1EF /* FreelancerTests.xctest */;
			productType = "com.apple.product-type.bundle.unit-test";
		};
		5764D73F1DEC8B3D0084E1EF /* FreelancerUITests */ = {
			isa = PBXNativeTarget;
			buildConfigurationList = 5764D74F1DEC8B3D0084E1EF /* Build configuration list for PBXNativeTarget "FreelancerUITests" */;
			buildPhases = (
				57911C40ECF6E2140578666B /* [CP] Check Pods Manifest.lock */,
				5764D73C1DEC8B3D0084E1EF /* Sources */,
				5764D73D1DEC8B3D0084E1EF /* Frameworks */,
				5764D73E1DEC8B3D0084E1EF /* Resources */,
				4074122F1107DC9DDB51F71B /* [CP] Embed Pods Frameworks */,
				8EA14C3A34B57C20F21BE51A /* [CP] Copy Pods Resources */,
			);
			buildRules = (
			);
			dependencies = (
				5764D7421DEC8B3D0084E1EF /* PBXTargetDependency */,
			);
			name = FreelancerUITests;
			productName = FreelancerUITests;
			productReference = 5764D7401DEC8B3D0084E1EF /* FreelancerUITests.xctest */;
			productType = "com.apple.product-type.bundle.ui-testing";
		};
/* End PBXNativeTarget section */

/* Begin PBXProject section */
		5764D7161DEC8B3D0084E1EF /* Project object */ = {
			isa = PBXProject;
			attributes = {
				LastSwiftUpdateCheck = 0810;
				LastUpgradeCheck = 0810;
				ORGANIZATIONNAME = "Denys Meloshyn";
				TargetAttributes = {
					5764D71D1DEC8B3D0084E1EF = {
						CreatedOnToolsVersion = 8.1;
						ProvisioningStyle = Automatic;
					};
					5764D7341DEC8B3D0084E1EF = {
						CreatedOnToolsVersion = 8.1;
						ProvisioningStyle = Automatic;
						TestTargetID = 5764D71D1DEC8B3D0084E1EF;
					};
					5764D73F1DEC8B3D0084E1EF = {
						CreatedOnToolsVersion = 8.1;
						ProvisioningStyle = Automatic;
						TestTargetID = 5764D71D1DEC8B3D0084E1EF;
					};
				};
			};
			buildConfigurationList = 5764D7191DEC8B3D0084E1EF /* Build configuration list for PBXProject "Freelancer" */;
			compatibilityVersion = "Xcode 3.2";
			developmentRegion = English;
			hasScannedForEncodings = 0;
			knownRegions = (
				en,
				Base,
			);
			mainGroup = 5764D7151DEC8B3D0084E1EF;
			productRefGroup = 5764D71F1DEC8B3D0084E1EF /* Products */;
			projectDirPath = "";
			projectRoot = "";
			targets = (
				5764D71D1DEC8B3D0084E1EF /* Freelancer */,
				5764D7341DEC8B3D0084E1EF /* FreelancerTests */,
				5764D73F1DEC8B3D0084E1EF /* FreelancerUITests */,
			);
		};
/* End PBXProject section */

/* Begin PBXResourcesBuildPhase section */
		5764D71C1DEC8B3D0084E1EF /* Resources */ = {
			isa = PBXResourcesBuildPhase;
			buildActionMask = 2147483647;
			files = (
				5764D72F1DEC8B3D0084E1EF /* LaunchScreen.storyboard in Resources */,
				5764D72C1DEC8B3D0084E1EF /* Assets.xcassets in Resources */,
				5764D7271DEC8B3D0084E1EF /* Main.storyboard in Resources */,
			);
			runOnlyForDeploymentPostprocessing = 0;
		};
		5764D7331DEC8B3D0084E1EF /* Resources */ = {
			isa = PBXResourcesBuildPhase;
			buildActionMask = 2147483647;
			files = (
			);
			runOnlyForDeploymentPostprocessing = 0;
		};
		5764D73E1DEC8B3D0084E1EF /* Resources */ = {
			isa = PBXResourcesBuildPhase;
			buildActionMask = 2147483647;
			files = (
			);
			runOnlyForDeploymentPostprocessing = 0;
		};
/* End PBXResourcesBuildPhase section */

/* Begin PBXShellScriptBuildPhase section */
		3BAA3CBB913BD8A6F9700BC3 /* [CP] Copy Pods Resources */ = {
			isa = PBXShellScriptBuildPhase;
			buildActionMask = 2147483647;
			files = (
			);
			inputPaths = (
			);
			name = "[CP] Copy Pods Resources";
			outputPaths = (
			);
			runOnlyForDeploymentPostprocessing = 0;
			shellPath = /bin/sh;
			shellScript = "\"${SRCROOT}/Pods/Target Support Files/Pods-FreelancerTests/Pods-FreelancerTests-resources.sh\"\n";
			showEnvVarsInLog = 0;
		};
		4074122F1107DC9DDB51F71B /* [CP] Embed Pods Frameworks */ = {
			isa = PBXShellScriptBuildPhase;
			buildActionMask = 2147483647;
			files = (
			);
			inputPaths = (
			);
			name = "[CP] Embed Pods Frameworks";
			outputPaths = (
			);
			runOnlyForDeploymentPostprocessing = 0;
			shellPath = /bin/sh;
			shellScript = "\"${SRCROOT}/Pods/Target Support Files/Pods-FreelancerUITests/Pods-FreelancerUITests-frameworks.sh\"\n";
			showEnvVarsInLog = 0;
		};
		4270B1FFD98D99ADB6F5723F /* [CP] Embed Pods Frameworks */ = {
			isa = PBXShellScriptBuildPhase;
			buildActionMask = 2147483647;
			files = (
			);
			inputPaths = (
			);
			name = "[CP] Embed Pods Frameworks";
			outputPaths = (
			);
			runOnlyForDeploymentPostprocessing = 0;
			shellPath = /bin/sh;
			shellScript = "\"${SRCROOT}/Pods/Target Support Files/Pods-FreelancerTests/Pods-FreelancerTests-frameworks.sh\"\n";
			showEnvVarsInLog = 0;
		};
		57911C40ECF6E2140578666B /* [CP] Check Pods Manifest.lock */ = {
			isa = PBXShellScriptBuildPhase;
			buildActionMask = 2147483647;
			files = (
			);
			inputPaths = (
			);
			name = "[CP] Check Pods Manifest.lock";
			outputPaths = (
			);
			runOnlyForDeploymentPostprocessing = 0;
			shellPath = /bin/sh;
			shellScript = "diff \"${PODS_ROOT}/../Podfile.lock\" \"${PODS_ROOT}/Manifest.lock\" > /dev/null\nif [ $? != 0 ] ; then\n    # print error to STDERR\n    echo \"error: The sandbox is not in sync with the Podfile.lock. Run 'pod install' or update your CocoaPods installation.\" >&2\n    exit 1\nfi\n";
			showEnvVarsInLog = 0;
		};
		8273F7F9C166EC91C4A9A7CC /* [CP] Embed Pods Frameworks */ = {
			isa = PBXShellScriptBuildPhase;
			buildActionMask = 2147483647;
			files = (
			);
			inputPaths = (
			);
			name = "[CP] Embed Pods Frameworks";
			outputPaths = (
			);
			runOnlyForDeploymentPostprocessing = 0;
			shellPath = /bin/sh;
			shellScript = "\"${SRCROOT}/Pods/Target Support Files/Pods-Freelancer/Pods-Freelancer-frameworks.sh\"\n";
			showEnvVarsInLog = 0;
		};
		8EA14C3A34B57C20F21BE51A /* [CP] Copy Pods Resources */ = {
			isa = PBXShellScriptBuildPhase;
			buildActionMask = 2147483647;
			files = (
			);
			inputPaths = (
			);
			name = "[CP] Copy Pods Resources";
			outputPaths = (
			);
			runOnlyForDeploymentPostprocessing = 0;
			shellPath = /bin/sh;
			shellScript = "\"${SRCROOT}/Pods/Target Support Files/Pods-FreelancerUITests/Pods-FreelancerUITests-resources.sh\"\n";
			showEnvVarsInLog = 0;
		};
		E2C33B10F63FA2D412B4600D /* [CP] Check Pods Manifest.lock */ = {
			isa = PBXShellScriptBuildPhase;
			buildActionMask = 2147483647;
			files = (
			);
			inputPaths = (
			);
			name = "[CP] Check Pods Manifest.lock";
			outputPaths = (
			);
			runOnlyForDeploymentPostprocessing = 0;
			shellPath = /bin/sh;
			shellScript = "diff \"${PODS_ROOT}/../Podfile.lock\" \"${PODS_ROOT}/Manifest.lock\" > /dev/null\nif [ $? != 0 ] ; then\n    # print error to STDERR\n    echo \"error: The sandbox is not in sync with the Podfile.lock. Run 'pod install' or update your CocoaPods installation.\" >&2\n    exit 1\nfi\n";
			showEnvVarsInLog = 0;
		};
		E747EE9DA431E201018158C1 /* [CP] Copy Pods Resources */ = {
			isa = PBXShellScriptBuildPhase;
			buildActionMask = 2147483647;
			files = (
			);
			inputPaths = (
			);
			name = "[CP] Copy Pods Resources";
			outputPaths = (
			);
			runOnlyForDeploymentPostprocessing = 0;
			shellPath = /bin/sh;
			shellScript = "\"${SRCROOT}/Pods/Target Support Files/Pods-Freelancer/Pods-Freelancer-resources.sh\"\n";
			showEnvVarsInLog = 0;
		};
		F2DA5C74B7A9F2E2A43DC684 /* [CP] Check Pods Manifest.lock */ = {
			isa = PBXShellScriptBuildPhase;
			buildActionMask = 2147483647;
			files = (
			);
			inputPaths = (
			);
			name = "[CP] Check Pods Manifest.lock";
			outputPaths = (
			);
			runOnlyForDeploymentPostprocessing = 0;
			shellPath = /bin/sh;
			shellScript = "diff \"${PODS_ROOT}/../Podfile.lock\" \"${PODS_ROOT}/Manifest.lock\" > /dev/null\nif [ $? != 0 ] ; then\n    # print error to STDERR\n    echo \"error: The sandbox is not in sync with the Podfile.lock. Run 'pod install' or update your CocoaPods installation.\" >&2\n    exit 1\nfi\n";
			showEnvVarsInLog = 0;
		};
/* End PBXShellScriptBuildPhase section */

/* Begin PBXSourcesBuildPhase section */
		5764D71A1DEC8B3D0084E1EF /* Sources */ = {
			isa = PBXSourcesBuildPhase;
			buildActionMask = 2147483647;
			files = (
				5764D7621DECA0980084E1EF /* ProjectsInteraction.swift in Sources */,
				5702177F1DED7FC100A0F0FC /* TimeRouter.swift in Sources */,
				570217721DED641D00A0F0FC /* TimesViewController.swift in Sources */,
				5764D75E1DEC9DBE0084E1EF /* ProjectsView.swift in Sources */,
				5702177B1DED79C100A0F0FC /* TimesInteraction.swift in Sources */,
				5764D7561DEC97A00084E1EF /* ProjectsViewController.swift in Sources */,
				5764D7591DEC9C9A0084E1EF /* ModelManager.swift in Sources */,
				5702177D1DED7EE300A0F0FC /* TimeEditViewController.swift in Sources */,
				5764D72A1DEC8B3D0084E1EF /* Freelancer.xcdatamodeld in Sources */,
				5764D7601DEC9EAD0084E1EF /* ProjectsPresenter.swift in Sources */,
				570217771DED762B00A0F0FC /* TimesView.swift in Sources */,
				57FCF7C71DECAFDB001C6480 /* LoggedTime+CoreDataClass.swift in Sources */,
				5764D7221DEC8B3D0084E1EF /* AppDelegate.swift in Sources */,
				57FCF7CA1DECAFDB001C6480 /* Project+CoreDataProperties.swift in Sources */,
				570217751DED692B00A0F0FC /* ProjectsRouter.swift in Sources */,
				57FCF7C81DECAFDB001C6480 /* LoggedTime+CoreDataProperties.swift in Sources */,
				570217791DED78C600A0F0FC /* TimesPresenter.swift in Sources */,
				57FCF7C91DECAFDB001C6480 /* Project+CoreDataClass.swift in Sources */,
			);
			runOnlyForDeploymentPostprocessing = 0;
		};
		5764D7311DEC8B3D0084E1EF /* Sources */ = {
			isa = PBXSourcesBuildPhase;
			buildActionMask = 2147483647;
			files = (
				5764D73A1DEC8B3D0084E1EF /* FreelancerTests.swift in Sources */,
			);
			runOnlyForDeploymentPostprocessing = 0;
		};
		5764D73C1DEC8B3D0084E1EF /* Sources */ = {
			isa = PBXSourcesBuildPhase;
			buildActionMask = 2147483647;
			files = (
				5764D7451DEC8B3D0084E1EF /* FreelancerUITests.swift in Sources */,
			);
			runOnlyForDeploymentPostprocessing = 0;
		};
/* End PBXSourcesBuildPhase section */

/* Begin PBXTargetDependency section */
		5764D7371DEC8B3D0084E1EF /* PBXTargetDependency */ = {
			isa = PBXTargetDependency;
			target = 5764D71D1DEC8B3D0084E1EF /* Freelancer */;
			targetProxy = 5764D7361DEC8B3D0084E1EF /* PBXContainerItemProxy */;
		};
		5764D7421DEC8B3D0084E1EF /* PBXTargetDependency */ = {
			isa = PBXTargetDependency;
			target = 5764D71D1DEC8B3D0084E1EF /* Freelancer */;
			targetProxy = 5764D7411DEC8B3D0084E1EF /* PBXContainerItemProxy */;
		};
/* End PBXTargetDependency section */

/* Begin PBXVariantGroup section */
		5764D7251DEC8B3D0084E1EF /* Main.storyboard */ = {
			isa = PBXVariantGroup;
			children = (
				5764D7261DEC8B3D0084E1EF /* Base */,
			);
			name = Main.storyboard;
			sourceTree = "<group>";
		};
		5764D72D1DEC8B3D0084E1EF /* LaunchScreen.storyboard */ = {
			isa = PBXVariantGroup;
			children = (
				5764D72E1DEC8B3D0084E1EF /* Base */,
			);
			name = LaunchScreen.storyboard;
			sourceTree = "<group>";
		};
/* End PBXVariantGroup section */

/* Begin XCBuildConfiguration section */
		5764D7471DEC8B3D0084E1EF /* Debug */ = {
			isa = XCBuildConfiguration;
			buildSettings = {
				ALWAYS_SEARCH_USER_PATHS = NO;
				CLANG_ANALYZER_NONNULL = YES;
				CLANG_CXX_LANGUAGE_STANDARD = "gnu++0x";
				CLANG_CXX_LIBRARY = "libc++";
				CLANG_ENABLE_MODULES = YES;
				CLANG_ENABLE_OBJC_ARC = YES;
				CLANG_WARN_BOOL_CONVERSION = YES;
				CLANG_WARN_CONSTANT_CONVERSION = YES;
				CLANG_WARN_DIRECT_OBJC_ISA_USAGE = YES_ERROR;
				CLANG_WARN_DOCUMENTATION_COMMENTS = YES;
				CLANG_WARN_EMPTY_BODY = YES;
				CLANG_WARN_ENUM_CONVERSION = YES;
				CLANG_WARN_INFINITE_RECURSION = YES;
				CLANG_WARN_INT_CONVERSION = YES;
				CLANG_WARN_OBJC_ROOT_CLASS = YES_ERROR;
				CLANG_WARN_SUSPICIOUS_MOVE = YES;
				CLANG_WARN_SUSPICIOUS_MOVES = YES;
				CLANG_WARN_UNREACHABLE_CODE = YES;
				CLANG_WARN__DUPLICATE_METHOD_MATCH = YES;
				"CODE_SIGN_IDENTITY[sdk=iphoneos*]" = "iPhone Developer";
				COPY_PHASE_STRIP = NO;
				DEBUG_INFORMATION_FORMAT = dwarf;
				ENABLE_STRICT_OBJC_MSGSEND = YES;
				ENABLE_TESTABILITY = YES;
				GCC_C_LANGUAGE_STANDARD = gnu99;
				GCC_DYNAMIC_NO_PIC = NO;
				GCC_NO_COMMON_BLOCKS = YES;
				GCC_OPTIMIZATION_LEVEL = 0;
				GCC_PREPROCESSOR_DEFINITIONS = (
					"DEBUG=1",
					"$(inherited)",
				);
				GCC_WARN_64_TO_32_BIT_CONVERSION = YES;
				GCC_WARN_ABOUT_RETURN_TYPE = YES_ERROR;
				GCC_WARN_UNDECLARED_SELECTOR = YES;
				GCC_WARN_UNINITIALIZED_AUTOS = YES_AGGRESSIVE;
				GCC_WARN_UNUSED_FUNCTION = YES;
				GCC_WARN_UNUSED_VARIABLE = YES;
				IPHONEOS_DEPLOYMENT_TARGET = 10.1;
				MTL_ENABLE_DEBUG_INFO = YES;
				ONLY_ACTIVE_ARCH = YES;
				SDKROOT = iphoneos;
				SWIFT_ACTIVE_COMPILATION_CONDITIONS = DEBUG;
				SWIFT_OPTIMIZATION_LEVEL = "-Onone";
			};
			name = Debug;
		};
		5764D7481DEC8B3D0084E1EF /* Release */ = {
			isa = XCBuildConfiguration;
			buildSettings = {
				ALWAYS_SEARCH_USER_PATHS = NO;
				CLANG_ANALYZER_NONNULL = YES;
				CLANG_CXX_LANGUAGE_STANDARD = "gnu++0x";
				CLANG_CXX_LIBRARY = "libc++";
				CLANG_ENABLE_MODULES = YES;
				CLANG_ENABLE_OBJC_ARC = YES;
				CLANG_WARN_BOOL_CONVERSION = YES;
				CLANG_WARN_CONSTANT_CONVERSION = YES;
				CLANG_WARN_DIRECT_OBJC_ISA_USAGE = YES_ERROR;
				CLANG_WARN_DOCUMENTATION_COMMENTS = YES;
				CLANG_WARN_EMPTY_BODY = YES;
				CLANG_WARN_ENUM_CONVERSION = YES;
				CLANG_WARN_INFINITE_RECURSION = YES;
				CLANG_WARN_INT_CONVERSION = YES;
				CLANG_WARN_OBJC_ROOT_CLASS = YES_ERROR;
				CLANG_WARN_SUSPICIOUS_MOVE = YES;
				CLANG_WARN_SUSPICIOUS_MOVES = YES;
				CLANG_WARN_UNREACHABLE_CODE = YES;
				CLANG_WARN__DUPLICATE_METHOD_MATCH = YES;
				"CODE_SIGN_IDENTITY[sdk=iphoneos*]" = "iPhone Developer";
				COPY_PHASE_STRIP = NO;
				DEBUG_INFORMATION_FORMAT = "dwarf-with-dsym";
				ENABLE_NS_ASSERTIONS = NO;
				ENABLE_STRICT_OBJC_MSGSEND = YES;
				GCC_C_LANGUAGE_STANDARD = gnu99;
				GCC_NO_COMMON_BLOCKS = YES;
				GCC_WARN_64_TO_32_BIT_CONVERSION = YES;
				GCC_WARN_ABOUT_RETURN_TYPE = YES_ERROR;
				GCC_WARN_UNDECLARED_SELECTOR = YES;
				GCC_WARN_UNINITIALIZED_AUTOS = YES_AGGRESSIVE;
				GCC_WARN_UNUSED_FUNCTION = YES;
				GCC_WARN_UNUSED_VARIABLE = YES;
				IPHONEOS_DEPLOYMENT_TARGET = 10.1;
				MTL_ENABLE_DEBUG_INFO = NO;
				SDKROOT = iphoneos;
				SWIFT_OPTIMIZATION_LEVEL = "-Owholemodule";
				VALIDATE_PRODUCT = YES;
			};
			name = Release;
		};
		5764D74A1DEC8B3D0084E1EF /* Debug */ = {
			isa = XCBuildConfiguration;
			baseConfigurationReference = C5617284D0D3A159F3A0D45E /* Pods-Freelancer.debug.xcconfig */;
			buildSettings = {
				ASSETCATALOG_COMPILER_APPICON_NAME = AppIcon;
				INFOPLIST_FILE = Freelancer/Info.plist;
				LD_RUNPATH_SEARCH_PATHS = "$(inherited) @executable_path/Frameworks";
				PRODUCT_BUNDLE_IDENTIFIER = denys.meloshyn.Freelancer;
				PRODUCT_NAME = "$(TARGET_NAME)";
				SWIFT_VERSION = 3.0;
			};
			name = Debug;
		};
		5764D74B1DEC8B3D0084E1EF /* Release */ = {
			isa = XCBuildConfiguration;
			baseConfigurationReference = 7C5DE5146E6FF74AF278D2C1 /* Pods-Freelancer.release.xcconfig */;
			buildSettings = {
				ASSETCATALOG_COMPILER_APPICON_NAME = AppIcon;
				INFOPLIST_FILE = Freelancer/Info.plist;
				LD_RUNPATH_SEARCH_PATHS = "$(inherited) @executable_path/Frameworks";
				PRODUCT_BUNDLE_IDENTIFIER = denys.meloshyn.Freelancer;
				PRODUCT_NAME = "$(TARGET_NAME)";
				SWIFT_VERSION = 3.0;
			};
			name = Release;
		};
		5764D74D1DEC8B3D0084E1EF /* Debug */ = {
			isa = XCBuildConfiguration;
			baseConfigurationReference = FB6046574D7A3D8E3E34EBA2 /* Pods-FreelancerTests.debug.xcconfig */;
			buildSettings = {
				ALWAYS_EMBED_SWIFT_STANDARD_LIBRARIES = YES;
				BUNDLE_LOADER = "$(TEST_HOST)";
				INFOPLIST_FILE = FreelancerTests/Info.plist;
				LD_RUNPATH_SEARCH_PATHS = "$(inherited) @executable_path/Frameworks @loader_path/Frameworks";
				PRODUCT_BUNDLE_IDENTIFIER = denys.meloshyn.FreelancerTests;
				PRODUCT_NAME = "$(TARGET_NAME)";
				SWIFT_VERSION = 3.0;
				TEST_HOST = "$(BUILT_PRODUCTS_DIR)/Freelancer.app/Freelancer";
			};
			name = Debug;
		};
		5764D74E1DEC8B3D0084E1EF /* Release */ = {
			isa = XCBuildConfiguration;
			baseConfigurationReference = CF68446D6C6E72E5E8F4628C /* Pods-FreelancerTests.release.xcconfig */;
			buildSettings = {
				ALWAYS_EMBED_SWIFT_STANDARD_LIBRARIES = YES;
				BUNDLE_LOADER = "$(TEST_HOST)";
				INFOPLIST_FILE = FreelancerTests/Info.plist;
				LD_RUNPATH_SEARCH_PATHS = "$(inherited) @executable_path/Frameworks @loader_path/Frameworks";
				PRODUCT_BUNDLE_IDENTIFIER = denys.meloshyn.FreelancerTests;
				PRODUCT_NAME = "$(TARGET_NAME)";
				SWIFT_VERSION = 3.0;
				TEST_HOST = "$(BUILT_PRODUCTS_DIR)/Freelancer.app/Freelancer";
			};
			name = Release;
		};
		5764D7501DEC8B3D0084E1EF /* Debug */ = {
			isa = XCBuildConfiguration;
			baseConfigurationReference = E5F5866795AE662B7F598CB7 /* Pods-FreelancerUITests.debug.xcconfig */;
			buildSettings = {
				ALWAYS_EMBED_SWIFT_STANDARD_LIBRARIES = YES;
				INFOPLIST_FILE = FreelancerUITests/Info.plist;
				LD_RUNPATH_SEARCH_PATHS = "$(inherited) @executable_path/Frameworks @loader_path/Frameworks";
				PRODUCT_BUNDLE_IDENTIFIER = denys.meloshyn.FreelancerUITests;
				PRODUCT_NAME = "$(TARGET_NAME)";
				SWIFT_VERSION = 3.0;
				TEST_TARGET_NAME = Freelancer;
			};
			name = Debug;
		};
		5764D7511DEC8B3D0084E1EF /* Release */ = {
			isa = XCBuildConfiguration;
			baseConfigurationReference = 1303A8D892A84722EB6BE939 /* Pods-FreelancerUITests.release.xcconfig */;
			buildSettings = {
				ALWAYS_EMBED_SWIFT_STANDARD_LIBRARIES = YES;
				INFOPLIST_FILE = FreelancerUITests/Info.plist;
				LD_RUNPATH_SEARCH_PATHS = "$(inherited) @executable_path/Frameworks @loader_path/Frameworks";
				PRODUCT_BUNDLE_IDENTIFIER = denys.meloshyn.FreelancerUITests;
				PRODUCT_NAME = "$(TARGET_NAME)";
				SWIFT_VERSION = 3.0;
				TEST_TARGET_NAME = Freelancer;
			};
			name = Release;
		};
/* End XCBuildConfiguration section */

/* Begin XCConfigurationList section */
		5764D7191DEC8B3D0084E1EF /* Build configuration list for PBXProject "Freelancer" */ = {
			isa = XCConfigurationList;
			buildConfigurations = (
				5764D7471DEC8B3D0084E1EF /* Debug */,
				5764D7481DEC8B3D0084E1EF /* Release */,
			);
			defaultConfigurationIsVisible = 0;
			defaultConfigurationName = Release;
		};
		5764D7491DEC8B3D0084E1EF /* Build configuration list for PBXNativeTarget "Freelancer" */ = {
			isa = XCConfigurationList;
			buildConfigurations = (
				5764D74A1DEC8B3D0084E1EF /* Debug */,
				5764D74B1DEC8B3D0084E1EF /* Release */,
			);
			defaultConfigurationIsVisible = 0;
			defaultConfigurationName = Release;
		};
		5764D74C1DEC8B3D0084E1EF /* Build configuration list for PBXNativeTarget "FreelancerTests" */ = {
			isa = XCConfigurationList;
			buildConfigurations = (
				5764D74D1DEC8B3D0084E1EF /* Debug */,
				5764D74E1DEC8B3D0084E1EF /* Release */,
			);
			defaultConfigurationIsVisible = 0;
			defaultConfigurationName = Release;
		};
		5764D74F1DEC8B3D0084E1EF /* Build configuration list for PBXNativeTarget "FreelancerUITests" */ = {
			isa = XCConfigurationList;
			buildConfigurations = (
				5764D7501DEC8B3D0084E1EF /* Debug */,
				5764D7511DEC8B3D0084E1EF /* Release */,
			);
			defaultConfigurationIsVisible = 0;
			defaultConfigurationName = Release;
		};
/* End XCConfigurationList section */

/* Begin XCVersionGroup section */
		5764D7281DEC8B3D0084E1EF /* Freelancer.xcdatamodeld */ = {
			isa = XCVersionGroup;
			children = (
				5764D7291DEC8B3D0084E1EF /* Freelancer.xcdatamodel */,
			);
			currentVersion = 5764D7291DEC8B3D0084E1EF /* Freelancer.xcdatamodel */;
			path = Freelancer.xcdatamodeld;
			sourceTree = "<group>";
			versionGroupType = wrapper.xcdatamodel;
		};
/* End XCVersionGroup section */
	};
	rootObject = 5764D7161DEC8B3D0084E1EF /* Project object */;
}
